
Microsoft Visual Studio Solution File, Format Version 12.00
# Visual Studio Version 17
VisualStudioVersion = 17.6.33723.286
MinimumVisualStudioVersion = 10.0.40219.1
Project("{2150E333-8FDC-42A3-9474-1A3956D46DE8}") = "Api", "Api", "{A947A692-0FB7-485B-8438-A0DDB68C5C67}"
EndProject
Project("{2150E333-8FDC-42A3-9474-1A3956D46DE8}") = "Application", "Application", "{44374BA6-4F21-43D6-8E39-AC82C3D2BB2E}"
EndProject
Project("{2150E333-8FDC-42A3-9474-1A3956D46DE8}") = "Domain", "Domain", "{04DBA085-CA5D-46E6-B83A-3F422D4D39F3}"
EndProject
Project("{2150E333-8FDC-42A3-9474-1A3956D46DE8}") = "Infrastructure", "Infrastructure", "{CC284644-1CD7-4B7E-B167-0C8114E1D3BB}"
EndProject
Project("{9A19103F-16F7-4668-BE54-9A1E7A4F7556}") = "Domain", "Domain\Domain\Domain.csproj", "{5C89E94C-ACAF-45D3-B24C-2F6585AB3A5D}"
EndProject
Project("{2150E333-8FDC-42A3-9474-1A3956D46DE8}") = "Test", "Test", "{D180CEB7-E1F6-4593-89B6-4B16D7E92BE1}"
EndProject
Project("{9A19103F-16F7-4668-BE54-9A1E7A4F7556}") = "ApiCommand", "Api\ApiCommand\ApiCommand.csproj", "{95147D3E-4E9F-4B48-8D05-A4AB68EF8630}"
EndProject
Project("{9A19103F-16F7-4668-BE54-9A1E7A4F7556}") = "ApiQuery", "Api\ApiQuery\ApiQuery.csproj", "{2A862C05-8CC0-47E2-90E7-FA943A0DB52C}"
EndProject
Project("{9A19103F-16F7-4668-BE54-9A1E7A4F7556}") = "UseCasesCommand", "Application\UseCasesCommand\UseCasesCommand.csproj", "{77C5A8D3-D9B2-444A-9AF5-D26045B2B5D0}"
EndProject
Project("{9A19103F-16F7-4668-BE54-9A1E7A4F7556}") = "UseCasesQuery", "Application\UseCasesQuery\UseCasesQuery.csproj", "{29BC01AB-6C7A-4F53-858F-C302BD45AEB9}"
EndProject
Project("{9A19103F-16F7-4668-BE54-9A1E7A4F7556}") = "AdapterMongoDB", "Infrastructure\AdapterMongoDB\AdapterMongoDB.csproj", "{0A774CE9-996D-4C16-9FB5-A43E6E2F9064}"
EndProject
Project("{9A19103F-16F7-4668-BE54-9A1E7A4F7556}") = "AdapterPublish", "Infrastructure\AdapterPublish\AdapterPublish.csproj", "{14F9F82C-A63D-465D-B933-B5285062A376}"
EndProject
Project("{9A19103F-16F7-4668-BE54-9A1E7A4F7556}") = "AdapterSubscribe", "Infrastructure\AdapterSubscribe\AdapterSubscribe.csproj", "{355845D8-A23D-48C9-8C61-FE730DE26409}"
EndProject
Project("{9A19103F-16F7-4668-BE54-9A1E7A4F7556}") = "AdapterSQL", "Infrastructure\AdapterSQL\AdapterSQL.csproj", "{A8761E1A-8152-49C8-A63A-4CBCD2FE3EEB}"
EndProject
Project("{9A19103F-16F7-4668-BE54-9A1E7A4F7556}") = "TestStore", "Test\TestStore\TestStore.csproj", "{95853E05-6DDC-4A67-9A20-A9B5C85AFAA8}"
EndProject
Project("{2150E333-8FDC-42A3-9474-1A3956D46DE8}") = "SQLConexion", "SQLConexion", "{147CB22E-E19C-452A-BCB5-A3DED63BEDC0}"
EndProject
Project("{2150E333-8FDC-42A3-9474-1A3956D46DE8}") = "MongoDBConexion", "MongoDBConexion", "{E6056EE3-64AE-4974-A9EB-1ADD15DCEFFB}"
EndProject
Project("{2150E333-8FDC-42A3-9474-1A3956D46DE8}") = "RabbitConexion", "RabbitConexion", "{E430CD71-0004-4330-B1B6-1847D22BFF2E}"
EndProject
Global
	GlobalSection(SolutionConfigurationPlatforms) = preSolution
		Debug|Any CPU = Debug|Any CPU
		Release|Any CPU = Release|Any CPU
	EndGlobalSection
	GlobalSection(ProjectConfigurationPlatforms) = postSolution
		{5C89E94C-ACAF-45D3-B24C-2F6585AB3A5D}.Debug|Any CPU.ActiveCfg = Debug|Any CPU
		{5C89E94C-ACAF-45D3-B24C-2F6585AB3A5D}.Debug|Any CPU.Build.0 = Debug|Any CPU
		{5C89E94C-ACAF-45D3-B24C-2F6585AB3A5D}.Release|Any CPU.ActiveCfg = Release|Any CPU
		{5C89E94C-ACAF-45D3-B24C-2F6585AB3A5D}.Release|Any CPU.Build.0 = Release|Any CPU
		{95147D3E-4E9F-4B48-8D05-A4AB68EF8630}.Debug|Any CPU.ActiveCfg = Debug|Any CPU
		{95147D3E-4E9F-4B48-8D05-A4AB68EF8630}.Debug|Any CPU.Build.0 = Debug|Any CPU
		{95147D3E-4E9F-4B48-8D05-A4AB68EF8630}.Release|Any CPU.ActiveCfg = Release|Any CPU
		{95147D3E-4E9F-4B48-8D05-A4AB68EF8630}.Release|Any CPU.Build.0 = Release|Any CPU
		{2A862C05-8CC0-47E2-90E7-FA943A0DB52C}.Debug|Any CPU.ActiveCfg = Debug|Any CPU
		{2A862C05-8CC0-47E2-90E7-FA943A0DB52C}.Debug|Any CPU.Build.0 = Debug|Any CPU
		{2A862C05-8CC0-47E2-90E7-FA943A0DB52C}.Release|Any CPU.ActiveCfg = Release|Any CPU
		{2A862C05-8CC0-47E2-90E7-FA943A0DB52C}.Release|Any CPU.Build.0 = Release|Any CPU
		{77C5A8D3-D9B2-444A-9AF5-D26045B2B5D0}.Debug|Any CPU.ActiveCfg = Debug|Any CPU
		{77C5A8D3-D9B2-444A-9AF5-D26045B2B5D0}.Debug|Any CPU.Build.0 = Debug|Any CPU
		{77C5A8D3-D9B2-444A-9AF5-D26045B2B5D0}.Release|Any CPU.ActiveCfg = Release|Any CPU
		{77C5A8D3-D9B2-444A-9AF5-D26045B2B5D0}.Release|Any CPU.Build.0 = Release|Any CPU
		{29BC01AB-6C7A-4F53-858F-C302BD45AEB9}.Debug|Any CPU.ActiveCfg = Debug|Any CPU
		{29BC01AB-6C7A-4F53-858F-C302BD45AEB9}.Debug|Any CPU.Build.0 = Debug|Any CPU
		{29BC01AB-6C7A-4F53-858F-C302BD45AEB9}.Release|Any CPU.ActiveCfg = Release|Any CPU
		{29BC01AB-6C7A-4F53-858F-C302BD45AEB9}.Release|Any CPU.Build.0 = Release|Any CPU
		{0A774CE9-996D-4C16-9FB5-A43E6E2F9064}.Debug|Any CPU.ActiveCfg = Debug|Any CPU
		{0A774CE9-996D-4C16-9FB5-A43E6E2F9064}.Debug|Any CPU.Build.0 = Debug|Any CPU
		{0A774CE9-996D-4C16-9FB5-A43E6E2F9064}.Release|Any CPU.ActiveCfg = Release|Any CPU
		{0A774CE9-996D-4C16-9FB5-A43E6E2F9064}.Release|Any CPU.Build.0 = Release|Any CPU
		{14F9F82C-A63D-465D-B933-B5285062A376}.Debug|Any CPU.ActiveCfg = Debug|Any CPU
		{14F9F82C-A63D-465D-B933-B5285062A376}.Debug|Any CPU.Build.0 = Debug|Any CPU
		{14F9F82C-A63D-465D-B933-B5285062A376}.Release|Any CPU.ActiveCfg = Release|Any CPU
		{14F9F82C-A63D-465D-B933-B5285062A376}.Release|Any CPU.Build.0 = Release|Any CPU
		{355845D8-A23D-48C9-8C61-FE730DE26409}.Debug|Any CPU.ActiveCfg = Debug|Any CPU
		{355845D8-A23D-48C9-8C61-FE730DE26409}.Debug|Any CPU.Build.0 = Debug|Any CPU
		{355845D8-A23D-48C9-8C61-FE730DE26409}.Release|Any CPU.ActiveCfg = Release|Any CPU
		{355845D8-A23D-48C9-8C61-FE730DE26409}.Release|Any CPU.Build.0 = Release|Any CPU
		{A8761E1A-8152-49C8-A63A-4CBCD2FE3EEB}.Debug|Any CPU.ActiveCfg = Debug|Any CPU
		{A8761E1A-8152-49C8-A63A-4CBCD2FE3EEB}.Debug|Any CPU.Build.0 = Debug|Any CPU
		{A8761E1A-8152-49C8-A63A-4CBCD2FE3EEB}.Release|Any CPU.ActiveCfg = Release|Any CPU
		{A8761E1A-8152-49C8-A63A-4CBCD2FE3EEB}.Release|Any CPU.Build.0 = Release|Any CPU
		{95853E05-6DDC-4A67-9A20-A9B5C85AFAA8}.Debug|Any CPU.ActiveCfg = Debug|Any CPU
		{95853E05-6DDC-4A67-9A20-A9B5C85AFAA8}.Debug|Any CPU.Build.0 = Debug|Any CPU
		{95853E05-6DDC-4A67-9A20-A9B5C85AFAA8}.Release|Any CPU.ActiveCfg = Release|Any CPU
		{95853E05-6DDC-4A67-9A20-A9B5C85AFAA8}.Release|Any CPU.Build.0 = Release|Any CPU
	EndGlobalSection
	GlobalSection(SolutionProperties) = preSolution
		HideSolutionNode = FALSE
	EndGlobalSection
	GlobalSection(NestedProjects) = preSolution
		{5C89E94C-ACAF-45D3-B24C-2F6585AB3A5D} = {04DBA085-CA5D-46E6-B83A-3F422D4D39F3}
		{95147D3E-4E9F-4B48-8D05-A4AB68EF8630} = {A947A692-0FB7-485B-8438-A0DDB68C5C67}
		{2A862C05-8CC0-47E2-90E7-FA943A0DB52C} = {A947A692-0FB7-485B-8438-A0DDB68C5C67}
		{77C5A8D3-D9B2-444A-9AF5-D26045B2B5D0} = {44374BA6-4F21-43D6-8E39-AC82C3D2BB2E}
		{29BC01AB-6C7A-4F53-858F-C302BD45AEB9} = {44374BA6-4F21-43D6-8E39-AC82C3D2BB2E}
		{0A774CE9-996D-4C16-9FB5-A43E6E2F9064} = {E6056EE3-64AE-4974-A9EB-1ADD15DCEFFB}
		{14F9F82C-A63D-465D-B933-B5285062A376} = {E430CD71-0004-4330-B1B6-1847D22BFF2E}
		{355845D8-A23D-48C9-8C61-FE730DE26409} = {E430CD71-0004-4330-B1B6-1847D22BFF2E}
		{A8761E1A-8152-49C8-A63A-4CBCD2FE3EEB} = {147CB22E-E19C-452A-BCB5-A3DED63BEDC0}
		{95853E05-6DDC-4A67-9A20-A9B5C85AFAA8} = {D180CEB7-E1F6-4593-89B6-4B16D7E92BE1}
		{147CB22E-E19C-452A-BCB5-A3DED63BEDC0} = {CC284644-1CD7-4B7E-B167-0C8114E1D3BB}
		{E6056EE3-64AE-4974-A9EB-1ADD15DCEFFB} = {CC284644-1CD7-4B7E-B167-0C8114E1D3BB}
		{E430CD71-0004-4330-B1B6-1847D22BFF2E} = {CC284644-1CD7-4B7E-B167-0C8114E1D3BB}
	EndGlobalSection
	GlobalSection(ExtensibilityGlobals) = postSolution
		SolutionGuid = {925C749F-B48B-4230-9C3A-C979C299F9A3}
	EndGlobalSection
EndGlobal
