
Microsoft Visual Studio Solution File, Format Version 12.00
# Visual Studio Version 17
VisualStudioVersion = 17.6.33723.286
MinimumVisualStudioVersion = 10.0.40219.1
Project("{FAE04EC0-301F-11D3-BF4B-00C04F79EFBC}") = "StoreAplication", "StoreAplication\StoreAplication.csproj", "{0D88B2AB-5679-48D3-8B97-94D1656162CC}"
EndProject
Global
	GlobalSection(SolutionConfigurationPlatforms) = preSolution
		Debug|Any CPU = Debug|Any CPU
		Release|Any CPU = Release|Any CPU
	EndGlobalSection
	GlobalSection(ProjectConfigurationPlatforms) = postSolution
		{0D88B2AB-5679-48D3-8B97-94D1656162CC}.Debug|Any CPU.ActiveCfg = Debug|Any CPU
		{0D88B2AB-5679-48D3-8B97-94D1656162CC}.Debug|Any CPU.Build.0 = Debug|Any CPU
		{0D88B2AB-5679-48D3-8B97-94D1656162CC}.Release|Any CPU.ActiveCfg = Release|Any CPU
		{0D88B2AB-5679-48D3-8B97-94D1656162CC}.Release|Any CPU.Build.0 = Release|Any CPU
	EndGlobalSection
	GlobalSection(SolutionProperties) = preSolution
		HideSolutionNode = FALSE
	EndGlobalSection
	GlobalSection(ExtensibilityGlobals) = postSolution
		SolutionGuid = {925C749F-B48B-4230-9C3A-C979C299F9A3}
	EndGlobalSection
EndGlobal
